Microsoft Visual Studio Solution File, Format Version 12.00
# Visual Studio 15
VisualStudioVersion = 15.0.26923.0
MinimumVisualStudioVersion = 15.0.26124.0
Project("{9A19103F-16F7-4668-BE54-9A1E7A4F7556}") = "Pocket.Logger", "Pocket.Logger\Pocket.Logger.csproj", "{1504CA8D-55F5-4B0D-AF20-F243BC987AEC}"
EndProject
Project("{9A19103F-16F7-4668-BE54-9A1E7A4F7556}") = "Example.Instrumented.Library", "Example.Instrumented.Library\Example.Instrumented.Library.csproj", "{137FC912-277E-4000-9325-2DC46739BAC5}"
EndProject
Project("{2150E333-8FDC-42A3-9474-1A3956D46DE8}") = "test", "test", "{E18DC074-5642-4EF9-8727-F1F247E56B9A}"
EndProject
Project("{2150E333-8FDC-42A3-9474-1A3956D46DE8}") = "source", "source", "{BB86210D-3040-4832-8F75-08E905F9FF37}"
EndProject
Global
	GlobalSection(SolutionConfigurationPlatforms) = preSolution
		Debug|Any CPU = Debug|Any CPU
		Debug|x64 = Debug|x64
		Debug|x86 = Debug|x86
		Release|Any CPU = Release|Any CPU
		Release|x64 = Release|x64
		Release|x86 = Release|x86
	EndGlobalSection
	GlobalSection(ProjectConfigurationPlatforms) = postSolution
		{1504CA8D-55F5-4B0D-AF20-F243BC987AEC}.Debug|Any CPU.ActiveCfg = Debug|Any CPU
		{1504CA8D-55F5-4B0D-AF20-F243BC987AEC}.Debug|Any CPU.Build.0 = Debug|Any CPU
		{1504CA8D-55F5-4B0D-AF20-F243BC987AEC}.Debug|x64.ActiveCfg = Debug|Any CPU
		{1504CA8D-55F5-4B0D-AF20-F243BC987AEC}.Debug|x64.Build.0 = Debug|Any CPU
		{1504CA8D-55F5-4B0D-AF20-F243BC987AEC}.Debug|x86.ActiveCfg = Debug|Any CPU
		{1504CA8D-55F5-4B0D-AF20-F243BC987AEC}.Debug|x86.Build.0 = Debug|Any CPU
		{1504CA8D-55F5-4B0D-AF20-F243BC987AEC}.Release|Any CPU.ActiveCfg = Release|Any CPU
		{1504CA8D-55F5-4B0D-AF20-F243BC987AEC}.Release|Any CPU.Build.0 = Release|Any CPU
		{1504CA8D-55F5-4B0D-AF20-F243BC987AEC}.Release|x64.ActiveCfg = Release|Any CPU
		{1504CA8D-55F5-4B0D-AF20-F243BC987AEC}.Release|x64.Build.0 = Release|Any CPU
		{1504CA8D-55F5-4B0D-AF20-F243BC987AEC}.Release|x86.ActiveCfg = Release|Any CPU
		{1504CA8D-55F5-4B0D-AF20-F243BC987AEC}.Release|x86.Build.0 = Release|Any CPU
		{137FC912-277E-4000-9325-2DC46739BAC5}.Debug|Any CPU.ActiveCfg = Debug|Any CPU
		{137FC912-277E-4000-9325-2DC46739BAC5}.Debug|Any CPU.Build.0 = Debug|Any CPU
		{137FC912-277E-4000-9325-2DC46739BAC5}.Debug|x64.ActiveCfg = Debug|Any CPU
		{137FC912-277E-4000-9325-2DC46739BAC5}.Debug|x64.Build.0 = Debug|Any CPU
		{137FC912-277E-4000-9325-2DC46739BAC5}.Debug|x86.ActiveCfg = Debug|Any CPU
		{137FC912-277E-4000-9325-2DC46739BAC5}.Debug|x86.Build.0 = Debug|Any CPU
		{137FC912-277E-4000-9325-2DC46739BAC5}.Release|Any CPU.ActiveCfg = Release|Any CPU
		{137FC912-277E-4000-9325-2DC46739BAC5}.Release|Any CPU.Build.0 = Release|Any CPU
		{137FC912-277E-4000-9325-2DC46739BAC5}.Release|x64.ActiveCfg = Release|Any CPU
		{137FC912-277E-4000-9325-2DC46739BAC5}.Release|x64.Build.0 = Release|Any CPU
		{137FC912-277E-4000-9325-2DC46739BAC5}.Release|x86.ActiveCfg = Release|Any CPU
		{137FC912-277E-4000-9325-2DC46739BAC5}.Release|x86.Build.0 = Release|Any CPU
	EndGlobalSection
	GlobalSection(SolutionProperties) = preSolution
		HideSolutionNode = FALSE
	EndGlobalSection
	GlobalSection(NestedProjects) = preSolution
		{1504CA8D-55F5-4B0D-AF20-F243BC987AEC} = {BB86210D-3040-4832-8F75-08E905F9FF37}
		{137FC912-277E-4000-9325-2DC46739BAC5} = {E18DC074-5642-4EF9-8727-F1F247E56B9A}
	EndGlobalSection
	GlobalSection(ExtensibilityGlobals) = postSolution
		SolutionGuid = {CA8456EF-227A-4635-875F-413FD02B0A90}
	EndGlobalSection
EndGlobal
