
Microsoft Visual Studio Solution File, Format Version 12.00
# Visual Studio Version 16
VisualStudioVersion = 16.0.30503.244
MinimumVisualStudioVersion = 10.0.40219.1
Project("{9A19103F-16F7-4668-BE54-9A1E7A4F7556}") = "demo", "demo.csproj", "{8DC38242-A40D-48C6-9A69-A3D6242A0BCB}"
EndProject
Global
	GlobalSection(SolutionConfigurationPlatforms) = preSolution
		Debug|Any CPU = Debug|Any CPU
		Release|Any CPU = Release|Any CPU
	EndGlobalSection
	GlobalSection(ProjectConfigurationPlatforms) = postSolution
		{8DC38242-A40D-48C6-9A69-A3D6242A0BCB}.Debug|Any CPU.ActiveCfg = Debug|Any CPU
		{8DC38242-A40D-48C6-9A69-A3D6242A0BCB}.Debug|Any CPU.Build.0 = Debug|Any CPU
		{8DC38242-A40D-48C6-9A69-A3D6242A0BCB}.Release|Any CPU.ActiveCfg = Release|Any CPU
		{8DC38242-A40D-48C6-9A69-A3D6242A0BCB}.Release|Any CPU.Build.0 = Release|Any CPU
	EndGlobalSection
	GlobalSection(SolutionProperties) = preSolution
		HideSolutionNode = FALSE
	EndGlobalSection
	GlobalSection(ExtensibilityGlobals) = postSolution
		SolutionGuid = {1066E9BC-40AC-4472-BEDD-948346429D85}
	EndGlobalSection
EndGlobal
